
Microsoft Visual Studio Solution File, Format Version 12.00
# Visual Studio Version 17
VisualStudioVersion = 17.5.33414.496
MinimumVisualStudioVersion = 10.0.40219.1
Project("{FAE04EC0-301F-11D3-BF4B-00C04F79EFBC}") = "application", "application.csproj", "{277E7AE5-1FB9-49AF-89B3-2C51783286CA}"
EndProject
Global
	GlobalSection(SolutionConfigurationPlatforms) = preSolution
		Debug|Any CPU = Debug|Any CPU
		Release|Any CPU = Release|Any CPU
	EndGlobalSection
	GlobalSection(ProjectConfigurationPlatforms) = postSolution
		{277E7AE5-1FB9-49AF-89B3-2C51783286CA}.Debug|Any CPU.ActiveCfg = Debug|Any CPU
		{277E7AE5-1FB9-49AF-89B3-2C51783286CA}.Debug|Any CPU.Build.0 = Debug|Any CPU
		{277E7AE5-1FB9-49AF-89B3-2C51783286CA}.Release|Any CPU.ActiveCfg = Release|Any CPU
		{277E7AE5-1FB9-49AF-89B3-2C51783286CA}.Release|Any CPU.Build.0 = Release|Any CPU
	EndGlobalSection
	GlobalSection(SolutionProperties) = preSolution
		HideSolutionNode = FALSE
	EndGlobalSection
	GlobalSection(ExtensibilityGlobals) = postSolution
		SolutionGuid = {875B1828-1066-4544-B50E-89A18EAAEA98}
	EndGlobalSection
EndGlobal
